
Microsoft Visual Studio Solution File, Format Version 12.00
# Visual Studio Version 17
VisualStudioVersion = 17.9.34723.18
MinimumVisualStudioVersion = 10.0.40219.1
Project("{9A19103F-16F7-4668-BE54-9A1E7A4F7556}") = "NewsArticlesProject", "NewsArticlesProject.csproj", "{24EDBA1D-35B3-44EC-911B-A2F980AC0ADD}"
EndProject
Project("{FAE04EC0-301F-11D3-BF4B-00C04F79EFBC}") = "NewsArticle.NUnitTest", "..\NewsArticle.NUnitTest\NewsArticle.NUnitTest.csproj", "{68B523AC-D7B5-4670-A801-B2163CBC93F6}"
EndProject
Global
	GlobalSection(SolutionConfigurationPlatforms) = preSolution
		Debug|Any CPU = Debug|Any CPU
		Release|Any CPU = Release|Any CPU
	EndGlobalSection
	GlobalSection(ProjectConfigurationPlatforms) = postSolution
		{24EDBA1D-35B3-44EC-911B-A2F980AC0ADD}.Debug|Any CPU.ActiveCfg = Debug|Any CPU
		{24EDBA1D-35B3-44EC-911B-A2F980AC0ADD}.Debug|Any CPU.Build.0 = Debug|Any CPU
		{24EDBA1D-35B3-44EC-911B-A2F980AC0ADD}.Release|Any CPU.ActiveCfg = Release|Any CPU
		{24EDBA1D-35B3-44EC-911B-A2F980AC0ADD}.Release|Any CPU.Build.0 = Release|Any CPU
		{68B523AC-D7B5-4670-A801-B2163CBC93F6}.Debug|Any CPU.ActiveCfg = Debug|Any CPU
		{68B523AC-D7B5-4670-A801-B2163CBC93F6}.Debug|Any CPU.Build.0 = Debug|Any CPU
		{68B523AC-D7B5-4670-A801-B2163CBC93F6}.Release|Any CPU.ActiveCfg = Release|Any CPU
		{68B523AC-D7B5-4670-A801-B2163CBC93F6}.Release|Any CPU.Build.0 = Release|Any CPU
	EndGlobalSection
	GlobalSection(SolutionProperties) = preSolution
		HideSolutionNode = FALSE
	EndGlobalSection
	GlobalSection(ExtensibilityGlobals) = postSolution
		SolutionGuid = {B5B07148-7A9D-44F7-8943-D38C2311A154}
	EndGlobalSection
EndGlobal
